
Microsoft Visual Studio Solution File, Format Version 12.00
# Visual Studio Version 17
VisualStudioVersion = 17.9.34321.82
MinimumVisualStudioVersion = 10.0.40219.1
Project("{FAE04EC0-301F-11D3-BF4B-00C04F79EFBC}") = "Villa.WebUI", "Villa.WebUI\Villa.WebUI.csproj", "{487E4567-6009-44CE-AF18-A09284C41767}"
EndProject
Project("{FAE04EC0-301F-11D3-BF4B-00C04F79EFBC}") = "Villa.BusniessLayer", "Villa.BusniessLayer\Villa.BusniessLayer.csproj", "{884F840C-2646-49A5-809F-13E0E2EC4652}"
EndProject
Project("{FAE04EC0-301F-11D3-BF4B-00C04F79EFBC}") = "Villa.EntityLayer", "Villa.EntityLayer\Villa.EntityLayer.csproj", "{9C9C6770-05E6-43CE-A618-E37C6F34E7F7}"
EndProject
Project("{FAE04EC0-301F-11D3-BF4B-00C04F79EFBC}") = "Villa.DataAccessLayer", "Villa.DataAccessLayer\Villa.DataAccessLayer.csproj", "{08EA04B4-3F2D-4090-852F-45761B364764}"
EndProject
Project("{FAE04EC0-301F-11D3-BF4B-00C04F79EFBC}") = "Villa.DtoLayer", "Villa.DtoLayer\Villa.DtoLayer.csproj", "{65E5B0B2-8FB9-4730-A412-BF894FB310FA}"
EndProject
Global
	GlobalSection(SolutionConfigurationPlatforms) = preSolution
		Debug|Any CPU = Debug|Any CPU
		Release|Any CPU = Release|Any CPU
	EndGlobalSection
	GlobalSection(ProjectConfigurationPlatforms) = postSolution
		{487E4567-6009-44CE-AF18-A09284C41767}.Debug|Any CPU.ActiveCfg = Debug|Any CPU
		{487E4567-6009-44CE-AF18-A09284C41767}.Debug|Any CPU.Build.0 = Debug|Any CPU
		{487E4567-6009-44CE-AF18-A09284C41767}.Release|Any CPU.ActiveCfg = Release|Any CPU
		{487E4567-6009-44CE-AF18-A09284C41767}.Release|Any CPU.Build.0 = Release|Any CPU
		{884F840C-2646-49A5-809F-13E0E2EC4652}.Debug|Any CPU.ActiveCfg = Debug|Any CPU
		{884F840C-2646-49A5-809F-13E0E2EC4652}.Debug|Any CPU.Build.0 = Debug|Any CPU
		{884F840C-2646-49A5-809F-13E0E2EC4652}.Release|Any CPU.ActiveCfg = Release|Any CPU
		{884F840C-2646-49A5-809F-13E0E2EC4652}.Release|Any CPU.Build.0 = Release|Any CPU
		{9C9C6770-05E6-43CE-A618-E37C6F34E7F7}.Debug|Any CPU.ActiveCfg = Debug|Any CPU
		{9C9C6770-05E6-43CE-A618-E37C6F34E7F7}.Debug|Any CPU.Build.0 = Debug|Any CPU
		{9C9C6770-05E6-43CE-A618-E37C6F34E7F7}.Release|Any CPU.ActiveCfg = Release|Any CPU
		{9C9C6770-05E6-43CE-A618-E37C6F34E7F7}.Release|Any CPU.Build.0 = Release|Any CPU
		{08EA04B4-3F2D-4090-852F-45761B364764}.Debug|Any CPU.ActiveCfg = Debug|Any CPU
		{08EA04B4-3F2D-4090-852F-45761B364764}.Debug|Any CPU.Build.0 = Debug|Any CPU
		{08EA04B4-3F2D-4090-852F-45761B364764}.Release|Any CPU.ActiveCfg = Release|Any CPU
		{08EA04B4-3F2D-4090-852F-45761B364764}.Release|Any CPU.Build.0 = Release|Any CPU
		{65E5B0B2-8FB9-4730-A412-BF894FB310FA}.Debug|Any CPU.ActiveCfg = Debug|Any CPU
		{65E5B0B2-8FB9-4730-A412-BF894FB310FA}.Debug|Any CPU.Build.0 = Debug|Any CPU
		{65E5B0B2-8FB9-4730-A412-BF894FB310FA}.Release|Any CPU.ActiveCfg = Release|Any CPU
		{65E5B0B2-8FB9-4730-A412-BF894FB310FA}.Release|Any CPU.Build.0 = Release|Any CPU
	EndGlobalSection
	GlobalSection(SolutionProperties) = preSolution
		HideSolutionNode = FALSE
	EndGlobalSection
	GlobalSection(ExtensibilityGlobals) = postSolution
		SolutionGuid = {E5D93BBC-424B-4AD9-BA46-7B826F9837DB}
	EndGlobalSection
EndGlobal
